
Microsoft Visual Studio Solution File, Format Version 12.00
# Visual Studio Version 16
VisualStudioVersion = 16.0.31727.386
MinimumVisualStudioVersion = 10.0.40219.1
Project("{FAE04EC0-301F-11D3-BF4B-00C04F79EFBC}") = "NotificationDank.Android", "NotificationDank\NotificationDank.Android\NotificationDank.Android.csproj", "{A32D2111-B61A-4B9D-A5E4-2DB50C3A5FE4}"
EndProject
Project("{FAE04EC0-301F-11D3-BF4B-00C04F79EFBC}") = "NotificationDank.iOS", "NotificationDank\NotificationDank.iOS\NotificationDank.iOS.csproj", "{5F649EFE-91D4-4075-9173-BEA47DFBC9C3}"
EndProject
Project("{FAE04EC0-301F-11D3-BF4B-00C04F79EFBC}") = "NotificationDank", "NotificationDank\NotificationDank\NotificationDank.csproj", "{CAFF96B4-529A-4A49-9D94-73195840A4C0}"
EndProject
Global
	GlobalSection(SolutionConfigurationPlatforms) = preSolution
		Debug|Any CPU = Debug|Any CPU
		Debug|iPhone = Debug|iPhone
		Debug|iPhoneSimulator = Debug|iPhoneSimulator
		Release|Any CPU = Release|Any CPU
		Release|iPhone = Release|iPhone
		Release|iPhoneSimulator = Release|iPhoneSimulator
	EndGlobalSection
	GlobalSection(ProjectConfigurationPlatforms) = postSolution
		{A32D2111-B61A-4B9D-A5E4-2DB50C3A5FE4}.Debug|Any CPU.ActiveCfg = Debug|Any CPU
		{A32D2111-B61A-4B9D-A5E4-2DB50C3A5FE4}.Debug|Any CPU.Build.0 = Debug|Any CPU
		{A32D2111-B61A-4B9D-A5E4-2DB50C3A5FE4}.Debug|Any CPU.Deploy.0 = Debug|Any CPU
		{A32D2111-B61A-4B9D-A5E4-2DB50C3A5FE4}.Debug|iPhone.ActiveCfg = Debug|Any CPU
		{A32D2111-B61A-4B9D-A5E4-2DB50C3A5FE4}.Debug|iPhone.Build.0 = Debug|Any CPU
		{A32D2111-B61A-4B9D-A5E4-2DB50C3A5FE4}.Debug|iPhone.Deploy.0 = Debug|Any CPU
		{A32D2111-B61A-4B9D-A5E4-2DB50C3A5FE4}.Debug|iPhoneSimulator.ActiveCfg = Debug|Any CPU
		{A32D2111-B61A-4B9D-A5E4-2DB50C3A5FE4}.Debug|iPhoneSimulator.Build.0 = Debug|Any CPU
		{A32D2111-B61A-4B9D-A5E4-2DB50C3A5FE4}.Debug|iPhoneSimulator.Deploy.0 = Debug|Any CPU
		{A32D2111-B61A-4B9D-A5E4-2DB50C3A5FE4}.Release|Any CPU.ActiveCfg = Release|Any CPU
		{A32D2111-B61A-4B9D-A5E4-2DB50C3A5FE4}.Release|Any CPU.Build.0 = Release|Any CPU
		{A32D2111-B61A-4B9D-A5E4-2DB50C3A5FE4}.Release|Any CPU.Deploy.0 = Release|Any CPU
		{A32D2111-B61A-4B9D-A5E4-2DB50C3A5FE4}.Release|iPhone.ActiveCfg = Release|Any CPU
		{A32D2111-B61A-4B9D-A5E4-2DB50C3A5FE4}.Release|iPhone.Build.0 = Release|Any CPU
		{A32D2111-B61A-4B9D-A5E4-2DB50C3A5FE4}.Release|iPhone.Deploy.0 = Release|Any CPU
		{A32D2111-B61A-4B9D-A5E4-2DB50C3A5FE4}.Release|iPhoneSimulator.ActiveCfg = Release|Any CPU
		{A32D2111-B61A-4B9D-A5E4-2DB50C3A5FE4}.Release|iPhoneSimulator.Build.0 = Release|Any CPU
		{A32D2111-B61A-4B9D-A5E4-2DB50C3A5FE4}.Release|iPhoneSimulator.Deploy.0 = Release|Any CPU
		{5F649EFE-91D4-4075-9173-BEA47DFBC9C3}.Debug|Any CPU.ActiveCfg = Debug|iPhone
		{5F649EFE-91D4-4075-9173-BEA47DFBC9C3}.Debug|Any CPU.Build.0 = Debug|iPhone
		{5F649EFE-91D4-4075-9173-BEA47DFBC9C3}.Debug|Any CPU.Deploy.0 = Debug|iPhone
		{5F649EFE-91D4-4075-9173-BEA47DFBC9C3}.Debug|iPhone.ActiveCfg = Debug|iPhone
		{5F649EFE-91D4-4075-9173-BEA47DFBC9C3}.Debug|iPhone.Build.0 = Debug|iPhone
		{5F649EFE-91D4-4075-9173-BEA47DFBC9C3}.Debug|iPhone.Deploy.0 = Debug|iPhone
		{5F649EFE-91D4-4075-9173-BEA47DFBC9C3}.Debug|iPhoneSimulator.ActiveCfg = Debug|iPhoneSimulator
		{5F649EFE-91D4-4075-9173-BEA47DFBC9C3}.Debug|iPhoneSimulator.Build.0 = Debug|iPhoneSimulator
		{5F649EFE-91D4-4075-9173-BEA47DFBC9C3}.Debug|iPhoneSimulator.Deploy.0 = Debug|iPhoneSimulator
		{5F649EFE-91D4-4075-9173-BEA47DFBC9C3}.Release|Any CPU.ActiveCfg = Release|iPhoneSimulator
		{5F649EFE-91D4-4075-9173-BEA47DFBC9C3}.Release|Any CPU.Build.0 = Release|iPhoneSimulator
		{5F649EFE-91D4-4075-9173-BEA47DFBC9C3}.Release|Any CPU.Deploy.0 = Release|iPhoneSimulator
		{5F649EFE-91D4-4075-9173-BEA47DFBC9C3}.Release|iPhone.ActiveCfg = Release|iPhone
		{5F649EFE-91D4-4075-9173-BEA47DFBC9C3}.Release|iPhone.Build.0 = Release|iPhone
		{5F649EFE-91D4-4075-9173-BEA47DFBC9C3}.Release|iPhone.Deploy.0 = Release|iPhone
		{5F649EFE-91D4-4075-9173-BEA47DFBC9C3}.Release|iPhoneSimulator.ActiveCfg = Release|iPhoneSimulator
		{5F649EFE-91D4-4075-9173-BEA47DFBC9C3}.Release|iPhoneSimulator.Build.0 = Release|iPhoneSimulator
		{5F649EFE-91D4-4075-9173-BEA47DFBC9C3}.Release|iPhoneSimulator.Deploy.0 = Release|iPhoneSimulator
		{CAFF96B4-529A-4A49-9D94-73195840A4C0}.Debug|Any CPU.ActiveCfg = Debug|Any CPU
		{CAFF96B4-529A-4A49-9D94-73195840A4C0}.Debug|Any CPU.Build.0 = Debug|Any CPU
		{CAFF96B4-529A-4A49-9D94-73195840A4C0}.Debug|Any CPU.Deploy.0 = Debug|Any CPU
		{CAFF96B4-529A-4A49-9D94-73195840A4C0}.Debug|iPhone.ActiveCfg = Debug|Any CPU
		{CAFF96B4-529A-4A49-9D94-73195840A4C0}.Debug|iPhone.Build.0 = Debug|Any CPU
		{CAFF96B4-529A-4A49-9D94-73195840A4C0}.Debug|iPhone.Deploy.0 = Debug|Any CPU
		{CAFF96B4-529A-4A49-9D94-73195840A4C0}.Debug|iPhoneSimulator.ActiveCfg = Debug|Any CPU
		{CAFF96B4-529A-4A49-9D94-73195840A4C0}.Debug|iPhoneSimulator.Build.0 = Debug|Any CPU
		{CAFF96B4-529A-4A49-9D94-73195840A4C0}.Debug|iPhoneSimulator.Deploy.0 = Debug|Any CPU
		{CAFF96B4-529A-4A49-9D94-73195840A4C0}.Release|Any CPU.ActiveCfg = Release|Any CPU
		{CAFF96B4-529A-4A49-9D94-73195840A4C0}.Release|Any CPU.Build.0 = Release|Any CPU
		{CAFF96B4-529A-4A49-9D94-73195840A4C0}.Release|Any CPU.Deploy.0 = Release|Any CPU
		{CAFF96B4-529A-4A49-9D94-73195840A4C0}.Release|iPhone.ActiveCfg = Release|Any CPU
		{CAFF96B4-529A-4A49-9D94-73195840A4C0}.Release|iPhone.Build.0 = Release|Any CPU
		{CAFF96B4-529A-4A49-9D94-73195840A4C0}.Release|iPhone.Deploy.0 = Release|Any CPU
		{CAFF96B4-529A-4A49-9D94-73195840A4C0}.Release|iPhoneSimulator.ActiveCfg = Release|Any CPU
		{CAFF96B4-529A-4A49-9D94-73195840A4C0}.Release|iPhoneSimulator.Build.0 = Release|Any CPU
		{CAFF96B4-529A-4A49-9D94-73195840A4C0}.Release|iPhoneSimulator.Deploy.0 = Release|Any CPU
	EndGlobalSection
	GlobalSection(SolutionProperties) = preSolution
		HideSolutionNode = FALSE
	EndGlobalSection
	GlobalSection(ExtensibilityGlobals) = postSolution
		SolutionGuid = {2C19819C-B686-447A-A9A4-DBC719001207}
	EndGlobalSection
EndGlobal
